
Microsoft Visual Studio Solution File, Format Version 12.00
# Visual Studio Version 16
VisualStudioVersion = 16.0.32228.343
MinimumVisualStudioVersion = 10.0.40219.1
Project("{FAE04EC0-301F-11D3-BF4B-00C04F79EFBC}") = "formationDevOps", "formationDevOps\formationDevOps.csproj", "{CC48D0F8-F702-4B3D-B7C0-AA30D8E890BD}"
EndProject
Global
	GlobalSection(SolutionConfigurationPlatforms) = preSolution
		Debug|Any CPU = Debug|Any CPU
		Release|Any CPU = Release|Any CPU
	EndGlobalSection
	GlobalSection(ProjectConfigurationPlatforms) = postSolution
		{CC48D0F8-F702-4B3D-B7C0-AA30D8E890BD}.Debug|Any CPU.ActiveCfg = Debug|Any CPU
		{CC48D0F8-F702-4B3D-B7C0-AA30D8E890BD}.Debug|Any CPU.Build.0 = Debug|Any CPU
		{CC48D0F8-F702-4B3D-B7C0-AA30D8E890BD}.Release|Any CPU.ActiveCfg = Release|Any CPU
		{CC48D0F8-F702-4B3D-B7C0-AA30D8E890BD}.Release|Any CPU.Build.0 = Release|Any CPU
	EndGlobalSection
	GlobalSection(SolutionProperties) = preSolution
		HideSolutionNode = FALSE
	EndGlobalSection
	GlobalSection(ExtensibilityGlobals) = postSolution
		SolutionGuid = {D0E9AAD1-1C96-4007-8CCA-D75C50DA1436}
	EndGlobalSection
EndGlobal
